
Microsoft Visual Studio Solution File, Format Version 12.00
# Visual Studio Version 17
VisualStudioVersion = 17.10.35122.118
MinimumVisualStudioVersion = 10.0.40219.1
Project("{FAE04EC0-301F-11D3-BF4B-00C04F79EFBC}") = "kutuphane", "kutuphane.csproj", "{4046A67C-1439-400B-ABA2-77D10EA4ADC7}"
EndProject
Project("{FAE04EC0-301F-11D3-BF4B-00C04F79EFBC}") = "data", "..\data\data.csproj", "{FB52431B-4DEA-479D-89C8-7970E89083B2}"
EndProject
Project("{FAE04EC0-301F-11D3-BF4B-00C04F79EFBC}") = "dataaccess", "..\dataaccess\dataaccess.csproj", "{BCED282B-C424-4DF3-88A5-625D78FB62F4}"
EndProject
Global
	GlobalSection(SolutionConfigurationPlatforms) = preSolution
		Debug|Any CPU = Debug|Any CPU
		Release|Any CPU = Release|Any CPU
	EndGlobalSection
	GlobalSection(ProjectConfigurationPlatforms) = postSolution
		{4046A67C-1439-400B-ABA2-77D10EA4ADC7}.Debug|Any CPU.ActiveCfg = Debug|Any CPU
		{4046A67C-1439-400B-ABA2-77D10EA4ADC7}.Debug|Any CPU.Build.0 = Debug|Any CPU
		{4046A67C-1439-400B-ABA2-77D10EA4ADC7}.Release|Any CPU.ActiveCfg = Release|Any CPU
		{4046A67C-1439-400B-ABA2-77D10EA4ADC7}.Release|Any CPU.Build.0 = Release|Any CPU
		{FB52431B-4DEA-479D-89C8-7970E89083B2}.Debug|Any CPU.ActiveCfg = Debug|Any CPU
		{FB52431B-4DEA-479D-89C8-7970E89083B2}.Debug|Any CPU.Build.0 = Debug|Any CPU
		{FB52431B-4DEA-479D-89C8-7970E89083B2}.Release|Any CPU.ActiveCfg = Release|Any CPU
		{FB52431B-4DEA-479D-89C8-7970E89083B2}.Release|Any CPU.Build.0 = Release|Any CPU
		{BCED282B-C424-4DF3-88A5-625D78FB62F4}.Debug|Any CPU.ActiveCfg = Debug|Any CPU
		{BCED282B-C424-4DF3-88A5-625D78FB62F4}.Debug|Any CPU.Build.0 = Debug|Any CPU
		{BCED282B-C424-4DF3-88A5-625D78FB62F4}.Release|Any CPU.ActiveCfg = Release|Any CPU
		{BCED282B-C424-4DF3-88A5-625D78FB62F4}.Release|Any CPU.Build.0 = Release|Any CPU
	EndGlobalSection
	GlobalSection(SolutionProperties) = preSolution
		HideSolutionNode = FALSE
	EndGlobalSection
	GlobalSection(ExtensibilityGlobals) = postSolution
		SolutionGuid = {7119446E-4AEF-408F-B412-E0A3BE6784EF}
	EndGlobalSection
EndGlobal
